
Microsoft Visual Studio Solution File, Format Version 12.00
# Visual Studio 2012
Project("{FAE04EC0-301F-11D3-BF4B-00C04F79EFBC}") = "knockknock", "Knock\knockknock.csproj", "{F4BA8C4E-B17C-455A-BF1B-DCE6A676AF11}"
EndProject
Project("{FAE04EC0-301F-11D3-BF4B-00C04F79EFBC}") = "knockknockUnitTest", "knockknockUnitTest\knockknockUnitTest.csproj", "{D0036D4E-B101-44E4-A312-7244EA276281}"
EndProject
Global
	GlobalSection(SolutionConfigurationPlatforms) = preSolution
		Debug|Any CPU = Debug|Any CPU
		Release|Any CPU = Release|Any CPU
	EndGlobalSection
	GlobalSection(ProjectConfigurationPlatforms) = postSolution
		{F4BA8C4E-B17C-455A-BF1B-DCE6A676AF11}.Debug|Any CPU.ActiveCfg = Debug|Any CPU
		{F4BA8C4E-B17C-455A-BF1B-DCE6A676AF11}.Debug|Any CPU.Build.0 = Debug|Any CPU
		{F4BA8C4E-B17C-455A-BF1B-DCE6A676AF11}.Release|Any CPU.ActiveCfg = Release|Any CPU
		{F4BA8C4E-B17C-455A-BF1B-DCE6A676AF11}.Release|Any CPU.Build.0 = Release|Any CPU
		{D0036D4E-B101-44E4-A312-7244EA276281}.Debug|Any CPU.ActiveCfg = Debug|Any CPU
		{D0036D4E-B101-44E4-A312-7244EA276281}.Debug|Any CPU.Build.0 = Debug|Any CPU
		{D0036D4E-B101-44E4-A312-7244EA276281}.Release|Any CPU.ActiveCfg = Release|Any CPU
		{D0036D4E-B101-44E4-A312-7244EA276281}.Release|Any CPU.Build.0 = Release|Any CPU
	EndGlobalSection
	GlobalSection(SolutionProperties) = preSolution
		HideSolutionNode = FALSE
	EndGlobalSection
EndGlobal
